
Microsoft Visual Studio Solution File, Format Version 12.00
# Visual Studio Version 17
VisualStudioVersion = 17.3.32922.545
MinimumVisualStudioVersion = 10.0.40219.1
Project("{FAE04EC0-301F-11D3-BF4B-00C04F79EFBC}") = "Lab5", "Lab5\Lab5.csproj", "{C22E4A71-647C-4FF4-A892-80290E9A5D43}"
EndProject
Project("{FAE04EC0-301F-11D3-BF4B-00C04F79EFBC}") = "Additional task 1", "Additional task\Additional task 1.csproj", "{DB4DE964-D118-45C0-802C-1675767C5D7C}"
EndProject
Project("{FAE04EC0-301F-11D3-BF4B-00C04F79EFBC}") = "Additional task 2", "Additional task 2\Additional task 2.csproj", "{6D17C608-CB61-4D3F-91AA-BF1046987A99}"
EndProject
Global
	GlobalSection(SolutionConfigurationPlatforms) = preSolution
		Debug|Any CPU = Debug|Any CPU
		Release|Any CPU = Release|Any CPU
	EndGlobalSection
	GlobalSection(ProjectConfigurationPlatforms) = postSolution
		{C22E4A71-647C-4FF4-A892-80290E9A5D43}.Debug|Any CPU.ActiveCfg = Debug|Any CPU
		{C22E4A71-647C-4FF4-A892-80290E9A5D43}.Debug|Any CPU.Build.0 = Debug|Any CPU
		{C22E4A71-647C-4FF4-A892-80290E9A5D43}.Release|Any CPU.ActiveCfg = Release|Any CPU
		{C22E4A71-647C-4FF4-A892-80290E9A5D43}.Release|Any CPU.Build.0 = Release|Any CPU
		{DB4DE964-D118-45C0-802C-1675767C5D7C}.Debug|Any CPU.ActiveCfg = Debug|Any CPU
		{DB4DE964-D118-45C0-802C-1675767C5D7C}.Debug|Any CPU.Build.0 = Debug|Any CPU
		{DB4DE964-D118-45C0-802C-1675767C5D7C}.Release|Any CPU.ActiveCfg = Release|Any CPU
		{DB4DE964-D118-45C0-802C-1675767C5D7C}.Release|Any CPU.Build.0 = Release|Any CPU
		{6D17C608-CB61-4D3F-91AA-BF1046987A99}.Debug|Any CPU.ActiveCfg = Debug|Any CPU
		{6D17C608-CB61-4D3F-91AA-BF1046987A99}.Debug|Any CPU.Build.0 = Debug|Any CPU
		{6D17C608-CB61-4D3F-91AA-BF1046987A99}.Release|Any CPU.ActiveCfg = Release|Any CPU
		{6D17C608-CB61-4D3F-91AA-BF1046987A99}.Release|Any CPU.Build.0 = Release|Any CPU
	EndGlobalSection
	GlobalSection(SolutionProperties) = preSolution
		HideSolutionNode = FALSE
	EndGlobalSection
	GlobalSection(ExtensibilityGlobals) = postSolution
		SolutionGuid = {FCAC64F6-D59E-419E-9C16-F986CE768747}
	EndGlobalSection
EndGlobal
